
Microsoft Visual Studio Solution File, Format Version 12.00
# Visual Studio Version 17
VisualStudioVersion = 17.0.31903.59
MinimumVisualStudioVersion = 10.0.40219.1
Project("{2150E333-8FDC-42A3-9474-1A3956D46DE8}") = "Class01", "Class01", "{17AE486A-E45C-492A-9CA0-2A063255E95A}"
EndProject
Project("{2150E333-8FDC-42A3-9474-1A3956D46DE8}") = "Class02", "Class02", "{5E7A7C59-44ED-44E6-A96B-880D8FEC8A34}"
EndProject
Project("{2150E333-8FDC-42A3-9474-1A3956D46DE8}") = "Class03", "Class03", "{DEBD1DC4-87D9-4733-8E81-29530CEE73DF}"
EndProject
Project("{2150E333-8FDC-42A3-9474-1A3956D46DE8}") = "Class04", "Class04", "{2A10E8ED-D173-48D5-8448-6F8A3E7F0D3C}"
EndProject
Project("{2150E333-8FDC-42A3-9474-1A3956D46DE8}") = "Class05", "Class05", "{8E9C69C4-14BE-45D1-AA1C-7D4ADF8A9CAC}"
EndProject
Project("{2150E333-8FDC-42A3-9474-1A3956D46DE8}") = "Class07", "Class07", "{512B3D94-67D6-45D2-8545-327FCA575EFE}"
EndProject
Project("{2150E333-8FDC-42A3-9474-1A3956D46DE8}") = "Class08", "Class08", "{F1FF6383-240B-459E-881D-ACAC8702EB86}"
EndProject
Project("{2150E333-8FDC-42A3-9474-1A3956D46DE8}") = "Class10", "Class10", "{4BE4619F-A6AF-4DF6-8B9C-F18926CD3ACE}"
EndProject
Project("{2150E333-8FDC-42A3-9474-1A3956D46DE8}") = "Class11", "Class11", "{2263F748-025E-412E-8165-CE84190F38B2}"
EndProject
Project("{2150E333-8FDC-42A3-9474-1A3956D46DE8}") = "Class12", "Class12", "{3E850CBC-D1EA-49FC-91C2-E73EEDB8BE74}"
EndProject
Project("{2150E333-8FDC-42A3-9474-1A3956D46DE8}") = "Class13", "Class13", "{489A141D-54F3-45FC-AECF-031A541B1985}"
EndProject
Project("{2150E333-8FDC-42A3-9474-1A3956D46DE8}") = "Class14", "Class14", "{BFB66822-BCCF-486D-9D60-84E7E2AD3AC5}"
EndProject
Project("{2150E333-8FDC-42A3-9474-1A3956D46DE8}") = "Class15", "Class15", "{B7DE7B85-3E26-472B-9CF7-D7799BFB31DE}"
EndProject
Project("{9A19103F-16F7-4668-BE54-9A1E7A4F7556}") = "C1Exercise1", "C1Exercise1\C1Exercise1.csproj", "{EDC10B9D-80F3-42E2-BE6D-A01553C341CC}"
EndProject
Project("{9A19103F-16F7-4668-BE54-9A1E7A4F7556}") = "C1Exercise2", "C1Exercise2\C1Exercise2.csproj", "{912BD47B-7A90-4BC2-93D7-75BA5899B175}"
EndProject
Project("{9A19103F-16F7-4668-BE54-9A1E7A4F7556}") = "C1Exercise3", "C1Exercise3\C1Exercise3.csproj", "{EE6EA2BB-EBF3-43EE-82CB-B64122A37F0C}"
EndProject
Project("{2150E333-8FDC-42A3-9474-1A3956D46DE8}") = "Class09", "Class09", "{16EBE274-155F-4955-BC7C-A7541FF52887}"
EndProject
Project("{9A19103F-16F7-4668-BE54-9A1E7A4F7556}") = "C1Exercise4", "C1Exercise4\C1Exercise4.csproj", "{5423E721-449B-43D8-88C4-BD7DA10F90D2}"
EndProject
Project("{9A19103F-16F7-4668-BE54-9A1E7A4F7556}") = "AbstractClasses", "AbstractClasses\AbstractClasses.csproj", "{F4701409-BA7F-4D0A-BBE6-95FE2316A364}"
EndProject
Project("{9A19103F-16F7-4668-BE54-9A1E7A4F7556}") = "NewsAppExample", "NewsAppExample\NewsAppExample.csproj", "{AAEB29B4-4EB4-4240-9E0B-EFF807EA1808}"
EndProject
Project("{9A19103F-16F7-4668-BE54-9A1E7A4F7556}") = "AbstractionExercise", "AbstractionExercise\AbstractionExercise.csproj", "{6B95FFC3-41E1-42B5-B970-014C31380A83}"
EndProject
Project("{9A19103F-16F7-4668-BE54-9A1E7A4F7556}") = "StaticClasses", "StaticClasses\StaticClasses.csproj", "{50F6217B-9C0C-4D14-A975-C12A2ABCCB4F}"
EndProject
Project("{9A19103F-16F7-4668-BE54-9A1E7A4F7556}") = "PolymorphismExamples", "PolymorphismExamples\PolymorphismExamples.csproj", "{AB59E3BA-6A34-4989-A7EC-B4A4A7A7CAF3}"
EndProject
Project("{9A19103F-16F7-4668-BE54-9A1E7A4F7556}") = "C3E1", "C3E1\C3E1.csproj", "{25A9C33F-70BB-4024-BCE0-A13B81C7E7B7}"
EndProject
Project("{9A19103F-16F7-4668-BE54-9A1E7A4F7556}") = "GenericsExamples", "GenericsExamples\GenericsExamples.csproj", "{430C8C62-7964-419F-A319-D6C30E64F2BA}"
EndProject
Project("{9A19103F-16F7-4668-BE54-9A1E7A4F7556}") = "ExtensionMethods", "ExtensionMethods\ExtensionMethods.csproj", "{DFB4B81A-8D0B-4D01-8159-B2035C0ED089}"
EndProject
Project("{9A19103F-16F7-4668-BE54-9A1E7A4F7556}") = "C4E1", "C4E1\C4E1.csproj", "{02EE94B2-11D9-4FA8-AF76-FDC68E7E5763}"
EndProject
Project("{9A19103F-16F7-4668-BE54-9A1E7A4F7556}") = "GettersAndSetters", "GettersAndSetters\GettersAndSetters.csproj", "{D67DAEB8-EC2D-4807-8AD1-E8C1B4FF4D2F}"
EndProject
Project("{2150E333-8FDC-42A3-9474-1A3956D46DE8}") = "_Projects", "_Projects", "{C3093671-E873-457F-B635-C3A9903110F4}"
EndProject
Project("{9A19103F-16F7-4668-BE54-9A1E7A4F7556}") = "AdvLinq", "AdvLinq\AdvLinq.csproj", "{484A8C91-8731-434E-BB5F-89700109A87A}"
EndProject
Project("{9A19103F-16F7-4668-BE54-9A1E7A4F7556}") = "WorkWithFiles", "WorkWithFiles\WorkWithFiles.csproj", "{BA0DFECA-DE06-4A5B-A380-A75F42FCA74B}"
EndProject
Project("{9A19103F-16F7-4668-BE54-9A1E7A4F7556}") = "C8E1", "C8E1\C8E1.csproj", "{C4802401-984B-4F81-86F5-C0134E5CC163}"
EndProject
Project("{9A19103F-16F7-4668-BE54-9A1E7A4F7556}") = "C9E1", "C9E1\C9E1.csproj", "{93EA0AFB-78C7-421E-9587-F4C4D7712208}"
EndProject
Project("{9A19103F-16F7-4668-BE54-9A1E7A4F7556}") = "C9E2", "C9E2\C9E2.csproj", "{99BA0750-6FDF-48A9-9740-950398D278DB}"
EndProject
Project("{9A19103F-16F7-4668-BE54-9A1E7A4F7556}") = "ATM", "ATM\ATM.csproj", "{58A88C49-1CC3-4991-AFF5-FE7E8FC6FC33}"
EndProject
Project("{9A19103F-16F7-4668-BE54-9A1E7A4F7556}") = "SerializationDeserialization", "SerializationDeserialization\SerializationDeserialization.csproj", "{CAF72A5E-4440-40DE-A4A5-CF1256180848}"
EndProject
Project("{9A19103F-16F7-4668-BE54-9A1E7A4F7556}") = "C11E1", "C11E1\C11E1.csproj", "{66ADC761-886F-48E0-98C0-3F89F241E7AF}"
EndProject
Project("{9A19103F-16F7-4668-BE54-9A1E7A4F7556}") = "MemoryManagament", "MemoryManagament\MemoryManagament.csproj", "{AF0740B9-BC77-468C-B51C-709DE10DF291}"
EndProject
Project("{9A19103F-16F7-4668-BE54-9A1E7A4F7556}") = "LibraryManagamentApp", "LibraryManagamentApp\LibraryManagamentApp.csproj", "{E26FDD82-CB8A-4873-B27B-BCA4D56BE993}"
EndProject
Project("{FAE04EC0-301F-11D3-BF4B-00C04F79EFBC}") = "Threads", "Threads\Threads.csproj", "{3763F5E5-C8D0-4E78-99EE-F93880EE7548}"
EndProject
Project("{FAE04EC0-301F-11D3-BF4B-00C04F79EFBC}") = "Tasks", "Tasks\Tasks.csproj", "{62532396-538A-4D64-A0B8-78D6A38428C8}"
EndProject
Project("{FAE04EC0-301F-11D3-BF4B-00C04F79EFBC}") = "AsyncAwait", "AsyncAwait\AsyncAwait.csproj", "{5BF10167-F8E1-4B55-AF25-C6E5534EA253}"
EndProject
Project("{FAE04EC0-301F-11D3-BF4B-00C04F79EFBC}") = "GoodPractices", "GoodPractices\GoodPractices.csproj", "{0AAA95A1-E59B-4589-855E-82586A4B331E}"
EndProject
Project("{9A19103F-16F7-4668-BE54-9A1E7A4F7556}") = "TaxiManager9000.App", "TaxiCo.TaxiManager9000\TaxiCo.TaxiManager9000.App\TaxiManager9000.App.csproj", "{02B3243B-D6FB-4F1E-97B8-CD99B2C17FAD}"
EndProject
Project("{9A19103F-16F7-4668-BE54-9A1E7A4F7556}") = "TaxiManager9000.DataAccess", "TaxiCo.TaxiManager9000\TaxiCo.TaxiManager9000.DataAccess\TaxiManager9000.DataAccess.csproj", "{159E7DEB-6798-4682-9D6A-4C34F14B95DB}"
EndProject
Project("{9A19103F-16F7-4668-BE54-9A1E7A4F7556}") = "TaxiManager9000.Domain", "TaxiCo.TaxiManager9000\TaxiCo.TaxiManager9000.Domain\TaxiManager9000.Domain.csproj", "{1B9641C8-6855-4399-A622-ABEB291A1455}"
EndProject
Project("{9A19103F-16F7-4668-BE54-9A1E7A4F7556}") = "TaxiManager9000.Services", "TaxiCo.TaxiManager9000\TaxiCo.TaxiManager9000.Services\TaxiManager9000.Services.csproj", "{464A23C8-09E2-4363-B504-466B2EB9A8B6}"
EndProject
Global
	GlobalSection(SolutionConfigurationPlatforms) = preSolution
		Debug|Any CPU = Debug|Any CPU
		Release|Any CPU = Release|Any CPU
	EndGlobalSection
	GlobalSection(ProjectConfigurationPlatforms) = postSolution
		{EDC10B9D-80F3-42E2-BE6D-A01553C341CC}.Debug|Any CPU.ActiveCfg = Debug|Any CPU
		{EDC10B9D-80F3-42E2-BE6D-A01553C341CC}.Debug|Any CPU.Build.0 = Debug|Any CPU
		{EDC10B9D-80F3-42E2-BE6D-A01553C341CC}.Release|Any CPU.ActiveCfg = Release|Any CPU
		{EDC10B9D-80F3-42E2-BE6D-A01553C341CC}.Release|Any CPU.Build.0 = Release|Any CPU
		{912BD47B-7A90-4BC2-93D7-75BA5899B175}.Debug|Any CPU.ActiveCfg = Debug|Any CPU
		{912BD47B-7A90-4BC2-93D7-75BA5899B175}.Debug|Any CPU.Build.0 = Debug|Any CPU
		{912BD47B-7A90-4BC2-93D7-75BA5899B175}.Release|Any CPU.ActiveCfg = Release|Any CPU
		{912BD47B-7A90-4BC2-93D7-75BA5899B175}.Release|Any CPU.Build.0 = Release|Any CPU
		{EE6EA2BB-EBF3-43EE-82CB-B64122A37F0C}.Debug|Any CPU.ActiveCfg = Debug|Any CPU
		{EE6EA2BB-EBF3-43EE-82CB-B64122A37F0C}.Debug|Any CPU.Build.0 = Debug|Any CPU
		{EE6EA2BB-EBF3-43EE-82CB-B64122A37F0C}.Release|Any CPU.ActiveCfg = Release|Any CPU
		{EE6EA2BB-EBF3-43EE-82CB-B64122A37F0C}.Release|Any CPU.Build.0 = Release|Any CPU
		{5423E721-449B-43D8-88C4-BD7DA10F90D2}.Debug|Any CPU.ActiveCfg = Debug|Any CPU
		{5423E721-449B-43D8-88C4-BD7DA10F90D2}.Debug|Any CPU.Build.0 = Debug|Any CPU
		{5423E721-449B-43D8-88C4-BD7DA10F90D2}.Release|Any CPU.ActiveCfg = Release|Any CPU
		{5423E721-449B-43D8-88C4-BD7DA10F90D2}.Release|Any CPU.Build.0 = Release|Any CPU
		{F4701409-BA7F-4D0A-BBE6-95FE2316A364}.Debug|Any CPU.ActiveCfg = Debug|Any CPU
		{F4701409-BA7F-4D0A-BBE6-95FE2316A364}.Debug|Any CPU.Build.0 = Debug|Any CPU
		{F4701409-BA7F-4D0A-BBE6-95FE2316A364}.Release|Any CPU.ActiveCfg = Release|Any CPU
		{F4701409-BA7F-4D0A-BBE6-95FE2316A364}.Release|Any CPU.Build.0 = Release|Any CPU
		{AAEB29B4-4EB4-4240-9E0B-EFF807EA1808}.Debug|Any CPU.ActiveCfg = Debug|Any CPU
		{AAEB29B4-4EB4-4240-9E0B-EFF807EA1808}.Debug|Any CPU.Build.0 = Debug|Any CPU
		{AAEB29B4-4EB4-4240-9E0B-EFF807EA1808}.Release|Any CPU.ActiveCfg = Release|Any CPU
		{AAEB29B4-4EB4-4240-9E0B-EFF807EA1808}.Release|Any CPU.Build.0 = Release|Any CPU
		{6B95FFC3-41E1-42B5-B970-014C31380A83}.Debug|Any CPU.ActiveCfg = Debug|Any CPU
		{6B95FFC3-41E1-42B5-B970-014C31380A83}.Debug|Any CPU.Build.0 = Debug|Any CPU
		{6B95FFC3-41E1-42B5-B970-014C31380A83}.Release|Any CPU.ActiveCfg = Release|Any CPU
		{6B95FFC3-41E1-42B5-B970-014C31380A83}.Release|Any CPU.Build.0 = Release|Any CPU
		{50F6217B-9C0C-4D14-A975-C12A2ABCCB4F}.Debug|Any CPU.ActiveCfg = Debug|Any CPU
		{50F6217B-9C0C-4D14-A975-C12A2ABCCB4F}.Debug|Any CPU.Build.0 = Debug|Any CPU
		{50F6217B-9C0C-4D14-A975-C12A2ABCCB4F}.Release|Any CPU.ActiveCfg = Release|Any CPU
		{50F6217B-9C0C-4D14-A975-C12A2ABCCB4F}.Release|Any CPU.Build.0 = Release|Any CPU
		{AB59E3BA-6A34-4989-A7EC-B4A4A7A7CAF3}.Debug|Any CPU.ActiveCfg = Debug|Any CPU
		{AB59E3BA-6A34-4989-A7EC-B4A4A7A7CAF3}.Debug|Any CPU.Build.0 = Debug|Any CPU
		{AB59E3BA-6A34-4989-A7EC-B4A4A7A7CAF3}.Release|Any CPU.ActiveCfg = Release|Any CPU
		{AB59E3BA-6A34-4989-A7EC-B4A4A7A7CAF3}.Release|Any CPU.Build.0 = Release|Any CPU
		{25A9C33F-70BB-4024-BCE0-A13B81C7E7B7}.Debug|Any CPU.ActiveCfg = Debug|Any CPU
		{25A9C33F-70BB-4024-BCE0-A13B81C7E7B7}.Debug|Any CPU.Build.0 = Debug|Any CPU
		{25A9C33F-70BB-4024-BCE0-A13B81C7E7B7}.Release|Any CPU.ActiveCfg = Release|Any CPU
		{25A9C33F-70BB-4024-BCE0-A13B81C7E7B7}.Release|Any CPU.Build.0 = Release|Any CPU
		{430C8C62-7964-419F-A319-D6C30E64F2BA}.Debug|Any CPU.ActiveCfg = Debug|Any CPU
		{430C8C62-7964-419F-A319-D6C30E64F2BA}.Debug|Any CPU.Build.0 = Debug|Any CPU
		{430C8C62-7964-419F-A319-D6C30E64F2BA}.Release|Any CPU.ActiveCfg = Release|Any CPU
		{430C8C62-7964-419F-A319-D6C30E64F2BA}.Release|Any CPU.Build.0 = Release|Any CPU
		{DFB4B81A-8D0B-4D01-8159-B2035C0ED089}.Debug|Any CPU.ActiveCfg = Debug|Any CPU
		{DFB4B81A-8D0B-4D01-8159-B2035C0ED089}.Debug|Any CPU.Build.0 = Debug|Any CPU
		{DFB4B81A-8D0B-4D01-8159-B2035C0ED089}.Release|Any CPU.ActiveCfg = Release|Any CPU
		{DFB4B81A-8D0B-4D01-8159-B2035C0ED089}.Release|Any CPU.Build.0 = Release|Any CPU
		{02EE94B2-11D9-4FA8-AF76-FDC68E7E5763}.Debug|Any CPU.ActiveCfg = Debug|Any CPU
		{02EE94B2-11D9-4FA8-AF76-FDC68E7E5763}.Debug|Any CPU.Build.0 = Debug|Any CPU
		{02EE94B2-11D9-4FA8-AF76-FDC68E7E5763}.Release|Any CPU.ActiveCfg = Release|Any CPU
		{02EE94B2-11D9-4FA8-AF76-FDC68E7E5763}.Release|Any CPU.Build.0 = Release|Any CPU
		{D67DAEB8-EC2D-4807-8AD1-E8C1B4FF4D2F}.Debug|Any CPU.ActiveCfg = Debug|Any CPU
		{D67DAEB8-EC2D-4807-8AD1-E8C1B4FF4D2F}.Debug|Any CPU.Build.0 = Debug|Any CPU
		{D67DAEB8-EC2D-4807-8AD1-E8C1B4FF4D2F}.Release|Any CPU.ActiveCfg = Release|Any CPU
		{D67DAEB8-EC2D-4807-8AD1-E8C1B4FF4D2F}.Release|Any CPU.Build.0 = Release|Any CPU
		{484A8C91-8731-434E-BB5F-89700109A87A}.Debug|Any CPU.ActiveCfg = Debug|Any CPU
		{484A8C91-8731-434E-BB5F-89700109A87A}.Debug|Any CPU.Build.0 = Debug|Any CPU
		{484A8C91-8731-434E-BB5F-89700109A87A}.Release|Any CPU.ActiveCfg = Release|Any CPU
		{484A8C91-8731-434E-BB5F-89700109A87A}.Release|Any CPU.Build.0 = Release|Any CPU
		{BA0DFECA-DE06-4A5B-A380-A75F42FCA74B}.Debug|Any CPU.ActiveCfg = Debug|Any CPU
		{BA0DFECA-DE06-4A5B-A380-A75F42FCA74B}.Debug|Any CPU.Build.0 = Debug|Any CPU
		{BA0DFECA-DE06-4A5B-A380-A75F42FCA74B}.Release|Any CPU.ActiveCfg = Release|Any CPU
		{BA0DFECA-DE06-4A5B-A380-A75F42FCA74B}.Release|Any CPU.Build.0 = Release|Any CPU
		{C4802401-984B-4F81-86F5-C0134E5CC163}.Debug|Any CPU.ActiveCfg = Debug|Any CPU
		{C4802401-984B-4F81-86F5-C0134E5CC163}.Debug|Any CPU.Build.0 = Debug|Any CPU
		{C4802401-984B-4F81-86F5-C0134E5CC163}.Release|Any CPU.ActiveCfg = Release|Any CPU
		{C4802401-984B-4F81-86F5-C0134E5CC163}.Release|Any CPU.Build.0 = Release|Any CPU
		{93EA0AFB-78C7-421E-9587-F4C4D7712208}.Debug|Any CPU.ActiveCfg = Debug|Any CPU
		{93EA0AFB-78C7-421E-9587-F4C4D7712208}.Debug|Any CPU.Build.0 = Debug|Any CPU
		{93EA0AFB-78C7-421E-9587-F4C4D7712208}.Release|Any CPU.ActiveCfg = Release|Any CPU
		{93EA0AFB-78C7-421E-9587-F4C4D7712208}.Release|Any CPU.Build.0 = Release|Any CPU
		{99BA0750-6FDF-48A9-9740-950398D278DB}.Debug|Any CPU.ActiveCfg = Debug|Any CPU
		{99BA0750-6FDF-48A9-9740-950398D278DB}.Debug|Any CPU.Build.0 = Debug|Any CPU
		{99BA0750-6FDF-48A9-9740-950398D278DB}.Release|Any CPU.ActiveCfg = Release|Any CPU
		{99BA0750-6FDF-48A9-9740-950398D278DB}.Release|Any CPU.Build.0 = Release|Any CPU
		{58A88C49-1CC3-4991-AFF5-FE7E8FC6FC33}.Debug|Any CPU.ActiveCfg = Debug|Any CPU
		{58A88C49-1CC3-4991-AFF5-FE7E8FC6FC33}.Debug|Any CPU.Build.0 = Debug|Any CPU
		{58A88C49-1CC3-4991-AFF5-FE7E8FC6FC33}.Release|Any CPU.ActiveCfg = Release|Any CPU
		{58A88C49-1CC3-4991-AFF5-FE7E8FC6FC33}.Release|Any CPU.Build.0 = Release|Any CPU
		{CAF72A5E-4440-40DE-A4A5-CF1256180848}.Debug|Any CPU.ActiveCfg = Debug|Any CPU
		{CAF72A5E-4440-40DE-A4A5-CF1256180848}.Debug|Any CPU.Build.0 = Debug|Any CPU
		{CAF72A5E-4440-40DE-A4A5-CF1256180848}.Release|Any CPU.ActiveCfg = Release|Any CPU
		{CAF72A5E-4440-40DE-A4A5-CF1256180848}.Release|Any CPU.Build.0 = Release|Any CPU
		{66ADC761-886F-48E0-98C0-3F89F241E7AF}.Debug|Any CPU.ActiveCfg = Debug|Any CPU
		{66ADC761-886F-48E0-98C0-3F89F241E7AF}.Debug|Any CPU.Build.0 = Debug|Any CPU
		{66ADC761-886F-48E0-98C0-3F89F241E7AF}.Release|Any CPU.ActiveCfg = Release|Any CPU
		{66ADC761-886F-48E0-98C0-3F89F241E7AF}.Release|Any CPU.Build.0 = Release|Any CPU
		{AF0740B9-BC77-468C-B51C-709DE10DF291}.Debug|Any CPU.ActiveCfg = Debug|Any CPU
		{AF0740B9-BC77-468C-B51C-709DE10DF291}.Debug|Any CPU.Build.0 = Debug|Any CPU
		{AF0740B9-BC77-468C-B51C-709DE10DF291}.Release|Any CPU.ActiveCfg = Release|Any CPU
		{AF0740B9-BC77-468C-B51C-709DE10DF291}.Release|Any CPU.Build.0 = Release|Any CPU
		{E26FDD82-CB8A-4873-B27B-BCA4D56BE993}.Debug|Any CPU.ActiveCfg = Debug|Any CPU
		{E26FDD82-CB8A-4873-B27B-BCA4D56BE993}.Debug|Any CPU.Build.0 = Debug|Any CPU
		{E26FDD82-CB8A-4873-B27B-BCA4D56BE993}.Release|Any CPU.ActiveCfg = Release|Any CPU
		{E26FDD82-CB8A-4873-B27B-BCA4D56BE993}.Release|Any CPU.Build.0 = Release|Any CPU
		{3763F5E5-C8D0-4E78-99EE-F93880EE7548}.Debug|Any CPU.ActiveCfg = Debug|Any CPU
		{3763F5E5-C8D0-4E78-99EE-F93880EE7548}.Debug|Any CPU.Build.0 = Debug|Any CPU
		{3763F5E5-C8D0-4E78-99EE-F93880EE7548}.Release|Any CPU.ActiveCfg = Release|Any CPU
		{3763F5E5-C8D0-4E78-99EE-F93880EE7548}.Release|Any CPU.Build.0 = Release|Any CPU
		{62532396-538A-4D64-A0B8-78D6A38428C8}.Debug|Any CPU.ActiveCfg = Debug|Any CPU
		{62532396-538A-4D64-A0B8-78D6A38428C8}.Debug|Any CPU.Build.0 = Debug|Any CPU
		{62532396-538A-4D64-A0B8-78D6A38428C8}.Release|Any CPU.ActiveCfg = Release|Any CPU
		{62532396-538A-4D64-A0B8-78D6A38428C8}.Release|Any CPU.Build.0 = Release|Any CPU
		{5BF10167-F8E1-4B55-AF25-C6E5534EA253}.Debug|Any CPU.ActiveCfg = Debug|Any CPU
		{5BF10167-F8E1-4B55-AF25-C6E5534EA253}.Debug|Any CPU.Build.0 = Debug|Any CPU
		{5BF10167-F8E1-4B55-AF25-C6E5534EA253}.Release|Any CPU.ActiveCfg = Release|Any CPU
		{5BF10167-F8E1-4B55-AF25-C6E5534EA253}.Release|Any CPU.Build.0 = Release|Any CPU
		{0AAA95A1-E59B-4589-855E-82586A4B331E}.Debug|Any CPU.ActiveCfg = Debug|Any CPU
		{0AAA95A1-E59B-4589-855E-82586A4B331E}.Debug|Any CPU.Build.0 = Debug|Any CPU
		{0AAA95A1-E59B-4589-855E-82586A4B331E}.Release|Any CPU.ActiveCfg = Release|Any CPU
		{0AAA95A1-E59B-4589-855E-82586A4B331E}.Release|Any CPU.Build.0 = Release|Any CPU
		{02B3243B-D6FB-4F1E-97B8-CD99B2C17FAD}.Debug|Any CPU.ActiveCfg = Debug|Any CPU
		{02B3243B-D6FB-4F1E-97B8-CD99B2C17FAD}.Debug|Any CPU.Build.0 = Debug|Any CPU
		{02B3243B-D6FB-4F1E-97B8-CD99B2C17FAD}.Release|Any CPU.ActiveCfg = Release|Any CPU
		{02B3243B-D6FB-4F1E-97B8-CD99B2C17FAD}.Release|Any CPU.Build.0 = Release|Any CPU
		{159E7DEB-6798-4682-9D6A-4C34F14B95DB}.Debug|Any CPU.ActiveCfg = Debug|Any CPU
		{159E7DEB-6798-4682-9D6A-4C34F14B95DB}.Debug|Any CPU.Build.0 = Debug|Any CPU
		{159E7DEB-6798-4682-9D6A-4C34F14B95DB}.Release|Any CPU.ActiveCfg = Release|Any CPU
		{159E7DEB-6798-4682-9D6A-4C34F14B95DB}.Release|Any CPU.Build.0 = Release|Any CPU
		{1B9641C8-6855-4399-A622-ABEB291A1455}.Debug|Any CPU.ActiveCfg = Debug|Any CPU
		{1B9641C8-6855-4399-A622-ABEB291A1455}.Debug|Any CPU.Build.0 = Debug|Any CPU
		{1B9641C8-6855-4399-A622-ABEB291A1455}.Release|Any CPU.ActiveCfg = Release|Any CPU
		{1B9641C8-6855-4399-A622-ABEB291A1455}.Release|Any CPU.Build.0 = Release|Any CPU
		{464A23C8-09E2-4363-B504-466B2EB9A8B6}.Debug|Any CPU.ActiveCfg = Debug|Any CPU
		{464A23C8-09E2-4363-B504-466B2EB9A8B6}.Debug|Any CPU.Build.0 = Debug|Any CPU
		{464A23C8-09E2-4363-B504-466B2EB9A8B6}.Release|Any CPU.ActiveCfg = Release|Any CPU
		{464A23C8-09E2-4363-B504-466B2EB9A8B6}.Release|Any CPU.Build.0 = Release|Any CPU
	EndGlobalSection
	GlobalSection(SolutionProperties) = preSolution
		HideSolutionNode = FALSE
	EndGlobalSection
	GlobalSection(NestedProjects) = preSolution
		{EDC10B9D-80F3-42E2-BE6D-A01553C341CC} = {17AE486A-E45C-492A-9CA0-2A063255E95A}
		{912BD47B-7A90-4BC2-93D7-75BA5899B175} = {17AE486A-E45C-492A-9CA0-2A063255E95A}
		{EE6EA2BB-EBF3-43EE-82CB-B64122A37F0C} = {17AE486A-E45C-492A-9CA0-2A063255E95A}
		{5423E721-449B-43D8-88C4-BD7DA10F90D2} = {17AE486A-E45C-492A-9CA0-2A063255E95A}
		{F4701409-BA7F-4D0A-BBE6-95FE2316A364} = {5E7A7C59-44ED-44E6-A96B-880D8FEC8A34}
		{AAEB29B4-4EB4-4240-9E0B-EFF807EA1808} = {5E7A7C59-44ED-44E6-A96B-880D8FEC8A34}
		{6B95FFC3-41E1-42B5-B970-014C31380A83} = {5E7A7C59-44ED-44E6-A96B-880D8FEC8A34}
		{50F6217B-9C0C-4D14-A975-C12A2ABCCB4F} = {DEBD1DC4-87D9-4733-8E81-29530CEE73DF}
		{AB59E3BA-6A34-4989-A7EC-B4A4A7A7CAF3} = {DEBD1DC4-87D9-4733-8E81-29530CEE73DF}
		{25A9C33F-70BB-4024-BCE0-A13B81C7E7B7} = {DEBD1DC4-87D9-4733-8E81-29530CEE73DF}
		{430C8C62-7964-419F-A319-D6C30E64F2BA} = {2A10E8ED-D173-48D5-8448-6F8A3E7F0D3C}
		{DFB4B81A-8D0B-4D01-8159-B2035C0ED089} = {2A10E8ED-D173-48D5-8448-6F8A3E7F0D3C}
		{02EE94B2-11D9-4FA8-AF76-FDC68E7E5763} = {2A10E8ED-D173-48D5-8448-6F8A3E7F0D3C}
		{D67DAEB8-EC2D-4807-8AD1-E8C1B4FF4D2F} = {8E9C69C4-14BE-45D1-AA1C-7D4ADF8A9CAC}
		{484A8C91-8731-434E-BB5F-89700109A87A} = {512B3D94-67D6-45D2-8545-327FCA575EFE}
		{BA0DFECA-DE06-4A5B-A380-A75F42FCA74B} = {F1FF6383-240B-459E-881D-ACAC8702EB86}
		{C4802401-984B-4F81-86F5-C0134E5CC163} = {F1FF6383-240B-459E-881D-ACAC8702EB86}
		{93EA0AFB-78C7-421E-9587-F4C4D7712208} = {16EBE274-155F-4955-BC7C-A7541FF52887}
		{99BA0750-6FDF-48A9-9740-950398D278DB} = {16EBE274-155F-4955-BC7C-A7541FF52887}
		{58A88C49-1CC3-4991-AFF5-FE7E8FC6FC33} = {4BE4619F-A6AF-4DF6-8B9C-F18926CD3ACE}
		{CAF72A5E-4440-40DE-A4A5-CF1256180848} = {2263F748-025E-412E-8165-CE84190F38B2}
		{66ADC761-886F-48E0-98C0-3F89F241E7AF} = {2263F748-025E-412E-8165-CE84190F38B2}
		{AF0740B9-BC77-468C-B51C-709DE10DF291} = {3E850CBC-D1EA-49FC-91C2-E73EEDB8BE74}
		{E26FDD82-CB8A-4873-B27B-BCA4D56BE993} = {489A141D-54F3-45FC-AECF-031A541B1985}
		{3763F5E5-C8D0-4E78-99EE-F93880EE7548} = {BFB66822-BCCF-486D-9D60-84E7E2AD3AC5}
		{62532396-538A-4D64-A0B8-78D6A38428C8} = {BFB66822-BCCF-486D-9D60-84E7E2AD3AC5}
		{5BF10167-F8E1-4B55-AF25-C6E5534EA253} = {BFB66822-BCCF-486D-9D60-84E7E2AD3AC5}
		{0AAA95A1-E59B-4589-855E-82586A4B331E} = {B7DE7B85-3E26-472B-9CF7-D7799BFB31DE}
		{02B3243B-D6FB-4F1E-97B8-CD99B2C17FAD} = {C3093671-E873-457F-B635-C3A9903110F4}
		{159E7DEB-6798-4682-9D6A-4C34F14B95DB} = {C3093671-E873-457F-B635-C3A9903110F4}
		{1B9641C8-6855-4399-A622-ABEB291A1455} = {C3093671-E873-457F-B635-C3A9903110F4}
		{464A23C8-09E2-4363-B504-466B2EB9A8B6} = {C3093671-E873-457F-B635-C3A9903110F4}
	EndGlobalSection
	GlobalSection(ExtensibilityGlobals) = postSolution
		SolutionGuid = {242CE588-5041-4BE2-9E6C-06601B602235}
	EndGlobalSection
EndGlobal
