
Microsoft Visual Studio Solution File, Format Version 12.00
# Visual Studio Version 17
VisualStudioVersion = 17.0.31903.59
MinimumVisualStudioVersion = 10.0.40219.1
Project("{2150E333-8FDC-42A3-9474-1A3956D46DE8}") = "Class01", "Class01", "{17AE486A-E45C-492A-9CA0-2A063255E95A}"
EndProject
Project("{2150E333-8FDC-42A3-9474-1A3956D46DE8}") = "Class02", "Class02", "{5E7A7C59-44ED-44E6-A96B-880D8FEC8A34}"
EndProject
Project("{2150E333-8FDC-42A3-9474-1A3956D46DE8}") = "Class03", "Class03", "{DEBD1DC4-87D9-4733-8E81-29530CEE73DF}"
EndProject
Project("{2150E333-8FDC-42A3-9474-1A3956D46DE8}") = "Class04", "Class04", "{2A10E8ED-D173-48D5-8448-6F8A3E7F0D3C}"
EndProject
Project("{2150E333-8FDC-42A3-9474-1A3956D46DE8}") = "Class05", "Class05", "{8E9C69C4-14BE-45D1-AA1C-7D4ADF8A9CAC}"
EndProject
Project("{2150E333-8FDC-42A3-9474-1A3956D46DE8}") = "Class07", "Class07", "{512B3D94-67D6-45D2-8545-327FCA575EFE}"
EndProject
Project("{2150E333-8FDC-42A3-9474-1A3956D46DE8}") = "Class08", "Class08", "{F1FF6383-240B-459E-881D-ACAC8702EB86}"
EndProject
Project("{2150E333-8FDC-42A3-9474-1A3956D46DE8}") = "Class10", "Class10", "{4BE4619F-A6AF-4DF6-8B9C-F18926CD3ACE}"
EndProject
Project("{2150E333-8FDC-42A3-9474-1A3956D46DE8}") = "Class11", "Class11", "{2263F748-025E-412E-8165-CE84190F38B2}"
EndProject
Project("{2150E333-8FDC-42A3-9474-1A3956D46DE8}") = "Class12", "Class12", "{3E850CBC-D1EA-49FC-91C2-E73EEDB8BE74}"
EndProject
Project("{2150E333-8FDC-42A3-9474-1A3956D46DE8}") = "Class13", "Class13", "{489A141D-54F3-45FC-AECF-031A541B1985}"
EndProject
Project("{2150E333-8FDC-42A3-9474-1A3956D46DE8}") = "Class14", "Class14", "{BFB66822-BCCF-486D-9D60-84E7E2AD3AC5}"
EndProject
Project("{2150E333-8FDC-42A3-9474-1A3956D46DE8}") = "Class15", "Class15", "{B7DE7B85-3E26-472B-9CF7-D7799BFB31DE}"
EndProject
Project("{9A19103F-16F7-4668-BE54-9A1E7A4F7556}") = "C1Exercise1", "C1Exercise1\C1Exercise1.csproj", "{EDC10B9D-80F3-42E2-BE6D-A01553C341CC}"
EndProject
Project("{9A19103F-16F7-4668-BE54-9A1E7A4F7556}") = "C1Exercise2", "C1Exercise2\C1Exercise2.csproj", "{912BD47B-7A90-4BC2-93D7-75BA5899B175}"
EndProject
Project("{9A19103F-16F7-4668-BE54-9A1E7A4F7556}") = "C1Exercise3", "C1Exercise3\C1Exercise3.csproj", "{EE6EA2BB-EBF3-43EE-82CB-B64122A37F0C}"
EndProject
Project("{2150E333-8FDC-42A3-9474-1A3956D46DE8}") = "Class09", "Class09", "{16EBE274-155F-4955-BC7C-A7541FF52887}"
EndProject
Project("{9A19103F-16F7-4668-BE54-9A1E7A4F7556}") = "C1Exercise4", "C1Exercise4\C1Exercise4.csproj", "{5423E721-449B-43D8-88C4-BD7DA10F90D2}"
EndProject
Project("{9A19103F-16F7-4668-BE54-9A1E7A4F7556}") = "AbstractClasses", "AbstractClasses\AbstractClasses.csproj", "{F4701409-BA7F-4D0A-BBE6-95FE2316A364}"
EndProject
Project("{9A19103F-16F7-4668-BE54-9A1E7A4F7556}") = "NewsAppExample", "NewsAppExample\NewsAppExample.csproj", "{AAEB29B4-4EB4-4240-9E0B-EFF807EA1808}"
EndProject
Project("{9A19103F-16F7-4668-BE54-9A1E7A4F7556}") = "AbstractionExercise", "AbstractionExercise\AbstractionExercise.csproj", "{6B95FFC3-41E1-42B5-B970-014C31380A83}"
EndProject
Project("{9A19103F-16F7-4668-BE54-9A1E7A4F7556}") = "StaticClasses", "StaticClasses\StaticClasses.csproj", "{50F6217B-9C0C-4D14-A975-C12A2ABCCB4F}"
EndProject
Project("{9A19103F-16F7-4668-BE54-9A1E7A4F7556}") = "PolymorphismExamples", "PolymorphismExamples\PolymorphismExamples.csproj", "{AB59E3BA-6A34-4989-A7EC-B4A4A7A7CAF3}"
EndProject
Project("{9A19103F-16F7-4668-BE54-9A1E7A4F7556}") = "C3E1", "C3E1\C3E1.csproj", "{25A9C33F-70BB-4024-BCE0-A13B81C7E7B7}"
EndProject
Project("{9A19103F-16F7-4668-BE54-9A1E7A4F7556}") = "GenericsExamples", "GenericsExamples\GenericsExamples.csproj", "{430C8C62-7964-419F-A319-D6C30E64F2BA}"
EndProject
Project("{9A19103F-16F7-4668-BE54-9A1E7A4F7556}") = "ExtensionMethods", "ExtensionMethods\ExtensionMethods.csproj", "{DFB4B81A-8D0B-4D01-8159-B2035C0ED089}"
EndProject
Project("{9A19103F-16F7-4668-BE54-9A1E7A4F7556}") = "C4E1", "C4E1\C4E1.csproj", "{02EE94B2-11D9-4FA8-AF76-FDC68E7E5763}"
EndProject
Project("{9A19103F-16F7-4668-BE54-9A1E7A4F7556}") = "GettersAndSetters", "GettersAndSetters\GettersAndSetters.csproj", "{D67DAEB8-EC2D-4807-8AD1-E8C1B4FF4D2F}"
EndProject
Project("{2150E333-8FDC-42A3-9474-1A3956D46DE8}") = "_Projects", "_Projects", "{C3093671-E873-457F-B635-C3A9903110F4}"
EndProject
Project("{9A19103F-16F7-4668-BE54-9A1E7A4F7556}") = "TaxiManager", "TaxiManager\TaxiManager.csproj", "{15442AA3-EE13-44B8-A4F0-A6249E641178}"
EndProject
Project("{9A19103F-16F7-4668-BE54-9A1E7A4F7556}") = "TaxiManager.Domain", "TaxiManager.Domain\TaxiManager.Domain.csproj", "{D262CED9-DD84-436C-AA47-22D500B759B2}"
EndProject
Project("{9A19103F-16F7-4668-BE54-9A1E7A4F7556}") = "TaxiManager.DataAccess", "TaxiManager.DataAccess\TaxiManager.DataAccess.csproj", "{9A08F01C-55FB-4981-A919-D7EBC7F9F815}"
EndProject
Project("{FAE04EC0-301F-11D3-BF4B-00C04F79EFBC}") = "AdvLinq", "AdvLinq\AdvLinq.csproj", "{484A8C91-8731-434E-BB5F-89700109A87A}"
EndProject
Global
	GlobalSection(SolutionConfigurationPlatforms) = preSolution
		Debug|Any CPU = Debug|Any CPU
		Release|Any CPU = Release|Any CPU
	EndGlobalSection
	GlobalSection(ProjectConfigurationPlatforms) = postSolution
		{EDC10B9D-80F3-42E2-BE6D-A01553C341CC}.Debug|Any CPU.ActiveCfg = Debug|Any CPU
		{EDC10B9D-80F3-42E2-BE6D-A01553C341CC}.Debug|Any CPU.Build.0 = Debug|Any CPU
		{EDC10B9D-80F3-42E2-BE6D-A01553C341CC}.Release|Any CPU.ActiveCfg = Release|Any CPU
		{EDC10B9D-80F3-42E2-BE6D-A01553C341CC}.Release|Any CPU.Build.0 = Release|Any CPU
		{912BD47B-7A90-4BC2-93D7-75BA5899B175}.Debug|Any CPU.ActiveCfg = Debug|Any CPU
		{912BD47B-7A90-4BC2-93D7-75BA5899B175}.Debug|Any CPU.Build.0 = Debug|Any CPU
		{912BD47B-7A90-4BC2-93D7-75BA5899B175}.Release|Any CPU.ActiveCfg = Release|Any CPU
		{912BD47B-7A90-4BC2-93D7-75BA5899B175}.Release|Any CPU.Build.0 = Release|Any CPU
		{EE6EA2BB-EBF3-43EE-82CB-B64122A37F0C}.Debug|Any CPU.ActiveCfg = Debug|Any CPU
		{EE6EA2BB-EBF3-43EE-82CB-B64122A37F0C}.Debug|Any CPU.Build.0 = Debug|Any CPU
		{EE6EA2BB-EBF3-43EE-82CB-B64122A37F0C}.Release|Any CPU.ActiveCfg = Release|Any CPU
		{EE6EA2BB-EBF3-43EE-82CB-B64122A37F0C}.Release|Any CPU.Build.0 = Release|Any CPU
		{5423E721-449B-43D8-88C4-BD7DA10F90D2}.Debug|Any CPU.ActiveCfg = Debug|Any CPU
		{5423E721-449B-43D8-88C4-BD7DA10F90D2}.Debug|Any CPU.Build.0 = Debug|Any CPU
		{5423E721-449B-43D8-88C4-BD7DA10F90D2}.Release|Any CPU.ActiveCfg = Release|Any CPU
		{5423E721-449B-43D8-88C4-BD7DA10F90D2}.Release|Any CPU.Build.0 = Release|Any CPU
		{F4701409-BA7F-4D0A-BBE6-95FE2316A364}.Debug|Any CPU.ActiveCfg = Debug|Any CPU
		{F4701409-BA7F-4D0A-BBE6-95FE2316A364}.Debug|Any CPU.Build.0 = Debug|Any CPU
		{F4701409-BA7F-4D0A-BBE6-95FE2316A364}.Release|Any CPU.ActiveCfg = Release|Any CPU
		{F4701409-BA7F-4D0A-BBE6-95FE2316A364}.Release|Any CPU.Build.0 = Release|Any CPU
		{AAEB29B4-4EB4-4240-9E0B-EFF807EA1808}.Debug|Any CPU.ActiveCfg = Debug|Any CPU
		{AAEB29B4-4EB4-4240-9E0B-EFF807EA1808}.Debug|Any CPU.Build.0 = Debug|Any CPU
		{AAEB29B4-4EB4-4240-9E0B-EFF807EA1808}.Release|Any CPU.ActiveCfg = Release|Any CPU
		{AAEB29B4-4EB4-4240-9E0B-EFF807EA1808}.Release|Any CPU.Build.0 = Release|Any CPU
		{6B95FFC3-41E1-42B5-B970-014C31380A83}.Debug|Any CPU.ActiveCfg = Debug|Any CPU
		{6B95FFC3-41E1-42B5-B970-014C31380A83}.Debug|Any CPU.Build.0 = Debug|Any CPU
		{6B95FFC3-41E1-42B5-B970-014C31380A83}.Release|Any CPU.ActiveCfg = Release|Any CPU
		{6B95FFC3-41E1-42B5-B970-014C31380A83}.Release|Any CPU.Build.0 = Release|Any CPU
		{50F6217B-9C0C-4D14-A975-C12A2ABCCB4F}.Debug|Any CPU.ActiveCfg = Debug|Any CPU
		{50F6217B-9C0C-4D14-A975-C12A2ABCCB4F}.Debug|Any CPU.Build.0 = Debug|Any CPU
		{50F6217B-9C0C-4D14-A975-C12A2ABCCB4F}.Release|Any CPU.ActiveCfg = Release|Any CPU
		{50F6217B-9C0C-4D14-A975-C12A2ABCCB4F}.Release|Any CPU.Build.0 = Release|Any CPU
		{AB59E3BA-6A34-4989-A7EC-B4A4A7A7CAF3}.Debug|Any CPU.ActiveCfg = Debug|Any CPU
		{AB59E3BA-6A34-4989-A7EC-B4A4A7A7CAF3}.Debug|Any CPU.Build.0 = Debug|Any CPU
		{AB59E3BA-6A34-4989-A7EC-B4A4A7A7CAF3}.Release|Any CPU.ActiveCfg = Release|Any CPU
		{AB59E3BA-6A34-4989-A7EC-B4A4A7A7CAF3}.Release|Any CPU.Build.0 = Release|Any CPU
		{25A9C33F-70BB-4024-BCE0-A13B81C7E7B7}.Debug|Any CPU.ActiveCfg = Debug|Any CPU
		{25A9C33F-70BB-4024-BCE0-A13B81C7E7B7}.Debug|Any CPU.Build.0 = Debug|Any CPU
		{25A9C33F-70BB-4024-BCE0-A13B81C7E7B7}.Release|Any CPU.ActiveCfg = Release|Any CPU
		{25A9C33F-70BB-4024-BCE0-A13B81C7E7B7}.Release|Any CPU.Build.0 = Release|Any CPU
		{430C8C62-7964-419F-A319-D6C30E64F2BA}.Debug|Any CPU.ActiveCfg = Debug|Any CPU
		{430C8C62-7964-419F-A319-D6C30E64F2BA}.Debug|Any CPU.Build.0 = Debug|Any CPU
		{430C8C62-7964-419F-A319-D6C30E64F2BA}.Release|Any CPU.ActiveCfg = Release|Any CPU
		{430C8C62-7964-419F-A319-D6C30E64F2BA}.Release|Any CPU.Build.0 = Release|Any CPU
		{DFB4B81A-8D0B-4D01-8159-B2035C0ED089}.Debug|Any CPU.ActiveCfg = Debug|Any CPU
		{DFB4B81A-8D0B-4D01-8159-B2035C0ED089}.Debug|Any CPU.Build.0 = Debug|Any CPU
		{DFB4B81A-8D0B-4D01-8159-B2035C0ED089}.Release|Any CPU.ActiveCfg = Release|Any CPU
		{DFB4B81A-8D0B-4D01-8159-B2035C0ED089}.Release|Any CPU.Build.0 = Release|Any CPU
		{02EE94B2-11D9-4FA8-AF76-FDC68E7E5763}.Debug|Any CPU.ActiveCfg = Debug|Any CPU
		{02EE94B2-11D9-4FA8-AF76-FDC68E7E5763}.Debug|Any CPU.Build.0 = Debug|Any CPU
		{02EE94B2-11D9-4FA8-AF76-FDC68E7E5763}.Release|Any CPU.ActiveCfg = Release|Any CPU
		{02EE94B2-11D9-4FA8-AF76-FDC68E7E5763}.Release|Any CPU.Build.0 = Release|Any CPU
		{D67DAEB8-EC2D-4807-8AD1-E8C1B4FF4D2F}.Debug|Any CPU.ActiveCfg = Debug|Any CPU
		{D67DAEB8-EC2D-4807-8AD1-E8C1B4FF4D2F}.Debug|Any CPU.Build.0 = Debug|Any CPU
		{D67DAEB8-EC2D-4807-8AD1-E8C1B4FF4D2F}.Release|Any CPU.ActiveCfg = Release|Any CPU
		{D67DAEB8-EC2D-4807-8AD1-E8C1B4FF4D2F}.Release|Any CPU.Build.0 = Release|Any CPU
		{15442AA3-EE13-44B8-A4F0-A6249E641178}.Debug|Any CPU.ActiveCfg = Debug|Any CPU
		{15442AA3-EE13-44B8-A4F0-A6249E641178}.Debug|Any CPU.Build.0 = Debug|Any CPU
		{15442AA3-EE13-44B8-A4F0-A6249E641178}.Release|Any CPU.ActiveCfg = Release|Any CPU
		{15442AA3-EE13-44B8-A4F0-A6249E641178}.Release|Any CPU.Build.0 = Release|Any CPU
		{D262CED9-DD84-436C-AA47-22D500B759B2}.Debug|Any CPU.ActiveCfg = Debug|Any CPU
		{D262CED9-DD84-436C-AA47-22D500B759B2}.Debug|Any CPU.Build.0 = Debug|Any CPU
		{D262CED9-DD84-436C-AA47-22D500B759B2}.Release|Any CPU.ActiveCfg = Release|Any CPU
		{D262CED9-DD84-436C-AA47-22D500B759B2}.Release|Any CPU.Build.0 = Release|Any CPU
		{9A08F01C-55FB-4981-A919-D7EBC7F9F815}.Debug|Any CPU.ActiveCfg = Debug|Any CPU
		{9A08F01C-55FB-4981-A919-D7EBC7F9F815}.Debug|Any CPU.Build.0 = Debug|Any CPU
		{9A08F01C-55FB-4981-A919-D7EBC7F9F815}.Release|Any CPU.ActiveCfg = Release|Any CPU
		{9A08F01C-55FB-4981-A919-D7EBC7F9F815}.Release|Any CPU.Build.0 = Release|Any CPU
		{484A8C91-8731-434E-BB5F-89700109A87A}.Debug|Any CPU.ActiveCfg = Debug|Any CPU
		{484A8C91-8731-434E-BB5F-89700109A87A}.Debug|Any CPU.Build.0 = Debug|Any CPU
		{484A8C91-8731-434E-BB5F-89700109A87A}.Release|Any CPU.ActiveCfg = Release|Any CPU
		{484A8C91-8731-434E-BB5F-89700109A87A}.Release|Any CPU.Build.0 = Release|Any CPU
	EndGlobalSection
	GlobalSection(SolutionProperties) = preSolution
		HideSolutionNode = FALSE
	EndGlobalSection
	GlobalSection(NestedProjects) = preSolution
		{EDC10B9D-80F3-42E2-BE6D-A01553C341CC} = {17AE486A-E45C-492A-9CA0-2A063255E95A}
		{912BD47B-7A90-4BC2-93D7-75BA5899B175} = {17AE486A-E45C-492A-9CA0-2A063255E95A}
		{EE6EA2BB-EBF3-43EE-82CB-B64122A37F0C} = {17AE486A-E45C-492A-9CA0-2A063255E95A}
		{5423E721-449B-43D8-88C4-BD7DA10F90D2} = {17AE486A-E45C-492A-9CA0-2A063255E95A}
		{F4701409-BA7F-4D0A-BBE6-95FE2316A364} = {5E7A7C59-44ED-44E6-A96B-880D8FEC8A34}
		{AAEB29B4-4EB4-4240-9E0B-EFF807EA1808} = {5E7A7C59-44ED-44E6-A96B-880D8FEC8A34}
		{6B95FFC3-41E1-42B5-B970-014C31380A83} = {5E7A7C59-44ED-44E6-A96B-880D8FEC8A34}
		{50F6217B-9C0C-4D14-A975-C12A2ABCCB4F} = {DEBD1DC4-87D9-4733-8E81-29530CEE73DF}
		{AB59E3BA-6A34-4989-A7EC-B4A4A7A7CAF3} = {DEBD1DC4-87D9-4733-8E81-29530CEE73DF}
		{25A9C33F-70BB-4024-BCE0-A13B81C7E7B7} = {DEBD1DC4-87D9-4733-8E81-29530CEE73DF}
		{430C8C62-7964-419F-A319-D6C30E64F2BA} = {2A10E8ED-D173-48D5-8448-6F8A3E7F0D3C}
		{DFB4B81A-8D0B-4D01-8159-B2035C0ED089} = {2A10E8ED-D173-48D5-8448-6F8A3E7F0D3C}
		{02EE94B2-11D9-4FA8-AF76-FDC68E7E5763} = {2A10E8ED-D173-48D5-8448-6F8A3E7F0D3C}
		{D67DAEB8-EC2D-4807-8AD1-E8C1B4FF4D2F} = {8E9C69C4-14BE-45D1-AA1C-7D4ADF8A9CAC}
		{15442AA3-EE13-44B8-A4F0-A6249E641178} = {C3093671-E873-457F-B635-C3A9903110F4}
		{D262CED9-DD84-436C-AA47-22D500B759B2} = {C3093671-E873-457F-B635-C3A9903110F4}
		{9A08F01C-55FB-4981-A919-D7EBC7F9F815} = {C3093671-E873-457F-B635-C3A9903110F4}
		{484A8C91-8731-434E-BB5F-89700109A87A} = {512B3D94-67D6-45D2-8545-327FCA575EFE}
	EndGlobalSection
	GlobalSection(ExtensibilityGlobals) = postSolution
		SolutionGuid = {242CE588-5041-4BE2-9E6C-06601B602235}
	EndGlobalSection
EndGlobal
